
Microsoft Visual Studio Solution File, Format Version 12.00
# Visual Studio Version 16
VisualStudioVersion = 16.0.31702.278
MinimumVisualStudioVersion = 10.0.40219.1
Project("{FAE04EC0-301F-11D3-BF4B-00C04F79EFBC}") = "CalculeteWpfApp", "CalculeteWpfApp\CalculeteWpfApp.csproj", "{781DAC15-06E2-46C3-9C7B-E7DB2F404B57}"
EndProject
Global
	GlobalSection(SolutionConfigurationPlatforms) = preSolution
		Debug|Any CPU = Debug|Any CPU
		Release|Any CPU = Release|Any CPU
	EndGlobalSection
	GlobalSection(ProjectConfigurationPlatforms) = postSolution
		{781DAC15-06E2-46C3-9C7B-E7DB2F404B57}.Debug|Any CPU.ActiveCfg = Debug|Any CPU
		{781DAC15-06E2-46C3-9C7B-E7DB2F404B57}.Debug|Any CPU.Build.0 = Debug|Any CPU
		{781DAC15-06E2-46C3-9C7B-E7DB2F404B57}.Release|Any CPU.ActiveCfg = Release|Any CPU
		{781DAC15-06E2-46C3-9C7B-E7DB2F404B57}.Release|Any CPU.Build.0 = Release|Any CPU
	EndGlobalSection
	GlobalSection(SolutionProperties) = preSolution
		HideSolutionNode = FALSE
	EndGlobalSection
	GlobalSection(ExtensibilityGlobals) = postSolution
		SolutionGuid = {B56EFE77-51D0-4C82-959B-52927514379B}
	EndGlobalSection
EndGlobal
